// !$*UTF8*$!
{
	archiveVersion = 1;
	classes = {
	};
	objectVersion = 46;
	objects = {

/* Begin PBXBuildFile section */
		CD6E7C53191634A9004A44D1 /* Foundation.framework in Frameworks */ = {isa = PBXBuildFile; fileRef = CD6E7C52191634A9004A44D1 /* Foundation.framework */; };
		CD6E7C55191634A9004A44D1 /* CoreGraphics.framework in Frameworks */ = {isa = PBXBuildFile; fileRef = CD6E7C54191634A9004A44D1 /* CoreGraphics.framework */; };
		CD6E7C57191634A9004A44D1 /* UIKit.framework in Frameworks */ = {isa = PBXBuildFile; fileRef = CD6E7C56191634A9004A44D1 /* UIKit.framework */; };
		CD6E7C5D191634A9004A44D1 /* InfoPlist.strings in Resources */ = {isa = PBXBuildFile; fileRef = CD6E7C5B191634A9004A44D1 /* InfoPlist.strings */; };
		CD6E7C5F191634A9004A44D1 /* main.m in Sources */ = {isa = PBXBuildFile; fileRef = CD6E7C5E191634A9004A44D1 /* main.m */; };
		CD6E7C63191634A9004A44D1 /* AppDelegate.m in Sources */ = {isa = PBXBuildFile; fileRef = CD6E7C62191634A9004A44D1 /* AppDelegate.m */; };
		CD6E7C66191634A9004A44D1 /* Main.storyboard in Resources */ = {isa = PBXBuildFile; fileRef = CD6E7C64191634A9004A44D1 /* Main.storyboard */; };
		CD6E7C69191634A9004A44D1 /* ViewController.m in Sources */ = {isa = PBXBuildFile; fileRef = CD6E7C68191634A9004A44D1 /* ViewController.m */; };
		CD6E7C6B191634A9004A44D1 /* Images.xcassets in Resources */ = {isa = PBXBuildFile; fileRef = CD6E7C6A191634A9004A44D1 /* Images.xcassets */; };
		CD6E7C72191634A9004A44D1 /* XCTest.framework in Frameworks */ = {isa = PBXBuildFile; fileRef = CD6E7C71191634A9004A44D1 /* XCTest.framework */; };
		CD6E7C73191634A9004A44D1 /* Foundation.framework in Frameworks */ = {isa = PBXBuildFile; fileRef = CD6E7C52191634A9004A44D1 /* Foundation.framework */; };
		CD6E7C74191634A9004A44D1 /* UIKit.framework in Frameworks */ = {isa = PBXBuildFile; fileRef = CD6E7C56191634A9004A44D1 /* UIKit.framework */; };
		CD6E7C7C191634A9004A44D1 /* InfoPlist.strings in Resources */ = {isa = PBXBuildFile; fileRef = CD6E7C7A191634A9004A44D1 /* InfoPlist.strings */; };
		CD6E7C7E191634A9004A44D1 /* PopDemoTests.m in Sources */ = {isa = PBXBuildFile; fileRef = CD6E7C7D191634A9004A44D1 /* PopDemoTests.m */; };
/* End PBXBuildFile section */

/* Begin PBXContainerItemProxy section */
		CD6E7C75191634A9004A44D1 /* PBXContainerItemProxy */ = {
			isa = PBXContainerItemProxy;
			containerPortal = CD6E7C47191634A9004A44D1 /* Project object */;
			proxyType = 1;
			remoteGlobalIDString = CD6E7C4E191634A9004A44D1;
			remoteInfo = PopDemo;
		};
/* End PBXContainerItemProxy section */

/* Begin PBXFileReference section */
		CD6E7C4F191634A9004A44D1 /* PopDemo.app */ = {isa = PBXFileReference; explicitFileType = wrapper.application; includeInIndex = 0; path = PopDemo.app; sourceTree = BUILT_PRODUCTS_DIR; };
		CD6E7C52191634A9004A44D1 /* Foundation.framework */ = {isa = PBXFileReference; lastKnownFileType = wrapper.framework; name = Foundation.framework; path = System/Library/Frameworks/Foundation.framework; sourceTree = SDKROOT; };
		CD6E7C54191634A9004A44D1 /* CoreGraphics.framework */ = {isa = PBXFileReference; lastKnownFileType = wrapper.framework; name = CoreGraphics.framework; path = System/Library/Frameworks/CoreGraphics.framework; sourceTree = SDKROOT; };
		CD6E7C56191634A9004A44D1 /* UIKit.framework */ = {isa = PBXFileReference; lastKnownFileType = wrapper.framework; name = UIKit.framework; path = System/Library/Frameworks/UIKit.framework; sourceTree = SDKROOT; };
		CD6E7C5A191634A9004A44D1 /* PopDemo-Info.plist */ = {isa = PBXFileReference; lastKnownFileType = text.plist.xml; path = "PopDemo-Info.plist"; sourceTree = "<group>"; };
		CD6E7C5C191634A9004A44D1 /* en */ = {isa = PBXFileReference; lastKnownFileType = text.plist.strings; name = en; path = en.lproj/InfoPlist.strings; sourceTree = "<group>"; };
		CD6E7C5E191634A9004A44D1 /* main.m */ = {isa = PBXFileReference; lastKnownFileType = sourcecode.c.objc; path = main.m; sourceTree = "<group>"; };
		CD6E7C60191634A9004A44D1 /* PopDemo-Prefix.pch */ = {isa = PBXFileReference; lastKnownFileType = sourcecode.c.h; path = "PopDemo-Prefix.pch"; sourceTree = "<group>"; };
		CD6E7C61191634A9004A44D1 /* AppDelegate.h */ = {isa = PBXFileReference; lastKnownFileType = sourcecode.c.h; path = AppDelegate.h; sourceTree = "<group>"; };
		CD6E7C62191634A9004A44D1 /* AppDelegate.m */ = {isa = PBXFileReference; lastKnownFileType = sourcecode.c.objc; path = AppDelegate.m; sourceTree = "<group>"; };
		CD6E7C65191634A9004A44D1 /* Base */ = {isa = PBXFileReference; lastKnownFileType = file.storyboard; name = Base; path = Base.lproj/Main.storyboard; sourceTree = "<group>"; };
		CD6E7C67191634A9004A44D1 /* ViewController.h */ = {isa = PBXFileReference; lastKnownFileType = sourcecode.c.h; path = ViewController.h; sourceTree = "<group>"; };
		CD6E7C68191634A9004A44D1 /* ViewController.m */ = {isa = PBXFileReference; lastKnownFileType = sourcecode.c.objc; path = ViewController.m; sourceTree = "<group>"; };
		CD6E7C6A191634A9004A44D1 /* Images.xcassets */ = {isa = PBXFileReference; lastKnownFileType = folder.assetcatalog; path = Images.xcassets; sourceTree = "<group>"; };
		CD6E7C70191634A9004A44D1 /* PopDemoTests.xctest */ = {isa = PBXFileReference; explicitFileType = wrapper.cfbundle; includeInIndex = 0; path = PopDemoTests.xctest; sourceTree = BUILT_PRODUCTS_DIR; };
		CD6E7C71191634A9004A44D1 /* XCTest.framework */ = {isa = PBXFileReference; lastKnownFileType = wrapper.framework; name = XCTest.framework; path = Library/Frameworks/XCTest.framework; sourceTree = DEVELOPER_DIR; };
		CD6E7C79191634A9004A44D1 /* PopDemoTests-Info.plist */ = {isa = PBXFileReference; lastKnownFileType = text.plist.xml; path = "PopDemoTests-Info.plist"; sourceTree = "<group>"; };
		CD6E7C7B191634A9004A44D1 /* en */ = {isa = PBXFileReference; lastKnownFileType = text.plist.strings; name = en; path = en.lproj/InfoPlist.strings; sourceTree = "<group>"; };
		CD6E7C7D191634A9004A44D1 /* PopDemoTests.m */ = {isa = PBXFileReference; lastKnownFileType = sourcecode.c.objc; path = PopDemoTests.m; sourceTree = "<group>"; };
/* End PBXFileReference section */

/* Begin PBXFrameworksBuildPhase section */
		CD6E7C4C191634A9004A44D1 /* Frameworks */ = {
			isa = PBXFrameworksBuildPhase;
			buildActionMask = 2147483647;
			files = (
				CD6E7C55191634A9004A44D1 /* CoreGraphics.framework in Frameworks */,
				CD6E7C57191634A9004A44D1 /* UIKit.framework in Frameworks */,
				CD6E7C53191634A9004A44D1 /* Foundation.framework in Frameworks */,
			);
			runOnlyForDeploymentPostprocessing = 0;
		};
		CD6E7C6D191634A9004A44D1 /* Frameworks */ = {
			isa = PBXFrameworksBuildPhase;
			buildActionMask = 2147483647;
			files = (
				CD6E7C72191634A9004A44D1 /* XCTest.framework in Frameworks */,
				CD6E7C74191634A9004A44D1 /* UIKit.framework in Frameworks */,
				CD6E7C73191634A9004A44D1 /* Foundation.framework in Frameworks */,
			);
			runOnlyForDeploymentPostprocessing = 0;
		};
/* End PBXFrameworksBuildPhase section */

/* Begin PBXGroup section */
		CD6E7C46191634A9004A44D1 = {
			isa = PBXGroup;
			children = (
				CD6E7C58191634A9004A44D1 /* PopDemo */,
				CD6E7C77191634A9004A44D1 /* PopDemoTests */,
				CD6E7C51191634A9004A44D1 /* Frameworks */,
				CD6E7C50191634A9004A44D1 /* Products */,
			);
			sourceTree = "<group>";
		};
		CD6E7C50191634A9004A44D1 /* Products */ = {
			isa = PBXGroup;
			children = (
				CD6E7C4F191634A9004A44D1 /* PopDemo.app */,
				CD6E7C70191634A9004A44D1 /* PopDemoTests.xctest */,
			);
			name = Products;
			sourceTree = "<group>";
		};
		CD6E7C51191634A9004A44D1 /* Frameworks */ = {
			isa = PBXGroup;
			children = (
				CD6E7C52191634A9004A44D1 /* Foundation.framework */,
				CD6E7C54191634A9004A44D1 /* CoreGraphics.framework */,
				CD6E7C56191634A9004A44D1 /* UIKit.framework */,
				CD6E7C71191634A9004A44D1 /* XCTest.framework */,
			);
			name = Frameworks;
			sourceTree = "<group>";
		};
		CD6E7C58191634A9004A44D1 /* PopDemo */ = {
			isa = PBXGroup;
			children = (
				CD6E7C61191634A9004A44D1 /* AppDelegate.h */,
				CD6E7C62191634A9004A44D1 /* AppDelegate.m */,
				CD6E7C64191634A9004A44D1 /* Main.storyboard */,
				CD6E7C67191634A9004A44D1 /* ViewController.h */,
				CD6E7C68191634A9004A44D1 /* ViewController.m */,
				CD6E7C6A191634A9004A44D1 /* Images.xcassets */,
				CD6E7C59191634A9004A44D1 /* Supporting Files */,
			);
			path = PopDemo;
			sourceTree = "<group>";
		};
		CD6E7C59191634A9004A44D1 /* Supporting Files */ = {
			isa = PBXGroup;
			children = (
				CD6E7C5A191634A9004A44D1 /* PopDemo-Info.plist */,
				CD6E7C5B191634A9004A44D1 /* InfoPlist.strings */,
				CD6E7C5E191634A9004A44D1 /* main.m */,
				CD6E7C60191634A9004A44D1 /* PopDemo-Prefix.pch */,
			);
			name = "Supporting Files";
			sourceTree = "<group>";
		};
		CD6E7C77191634A9004A44D1 /* PopDemoTests */ = {
			isa = PBXGroup;
			children = (
				CD6E7C7D191634A9004A44D1 /* PopDemoTests.m */,
				CD6E7C78191634A9004A44D1 /* Supporting Files */,
			);
			path = PopDemoTests;
			sourceTree = "<group>";
		};
		CD6E7C78191634A9004A44D1 /* Supporting Files */ = {
			isa = PBXGroup;
			children = (
				CD6E7C79191634A9004A44D1 /* PopDemoTests-Info.plist */,
				CD6E7C7A191634A9004A44D1 /* InfoPlist.strings */,
			);
			name = "Supporting Files";
			sourceTree = "<group>";
		};
/* End PBXGroup section */

/* Begin PBXNativeTarget section */
		CD6E7C4E191634A9004A44D1 /* PopDemo */ = {
			isa = PBXNativeTarget;
			buildConfigurationList = CD6E7C81191634A9004A44D1 /* Build configuration list for PBXNativeTarget "PopDemo" */;
			buildPhases = (
				CD6E7C4B191634A9004A44D1 /* Sources */,
				CD6E7C4C191634A9004A44D1 /* Frameworks */,
				CD6E7C4D191634A9004A44D1 /* Resources */,
			);
			buildRules = (
			);
			dependencies = (
			);
			name = PopDemo;
			productName = PopDemo;
			productReference = CD6E7C4F191634A9004A44D1 /* PopDemo.app */;
			productType = "com.apple.product-type.application";
		};
		CD6E7C6F191634A9004A44D1 /* PopDemoTests */ = {
			isa = PBXNativeTarget;
			buildConfigurationList = CD6E7C84191634A9004A44D1 /* Build configuration list for PBXNativeTarget "PopDemoTests" */;
			buildPhases = (
				CD6E7C6C191634A9004A44D1 /* Sources */,
				CD6E7C6D191634A9004A44D1 /* Frameworks */,
				CD6E7C6E191634A9004A44D1 /* Resources */,
			);
			buildRules = (
			);
			dependencies = (
				CD6E7C76191634A9004A44D1 /* PBXTargetDependency */,
			);
			name = PopDemoTests;
			productName = PopDemoTests;
			productReference = CD6E7C70191634A9004A44D1 /* PopDemoTests.xctest */;
			productType = "com.apple.product-type.bundle.unit-test";
		};
/* End PBXNativeTarget section */

/* Begin PBXProject section */
		CD6E7C47191634A9004A44D1 /* Project object */ = {
			isa = PBXProject;
			attributes = {
				LastUpgradeCheck = 0510;
				ORGANIZATIONNAME = hanlong;
				TargetAttributes = {
					CD6E7C6F191634A9004A44D1 = {
						TestTargetID = CD6E7C4E191634A9004A44D1;
					};
				};
			};
			buildConfigurationList = CD6E7C4A191634A9004A44D1 /* Build configuration list for PBXProject "PopDemo" */;
			compatibilityVersion = "Xcode 3.2";
			developmentRegion = English;
			hasScannedForEncodings = 0;
			knownRegions = (
				en,
				Base,
			);
			mainGroup = CD6E7C46191634A9004A44D1;
			productRefGroup = CD6E7C50191634A9004A44D1 /* Products */;
			projectDirPath = "";
			projectRoot = "";
			targets = (
				CD6E7C4E191634A9004A44D1 /* PopDemo */,
				CD6E7C6F191634A9004A44D1 /* PopDemoTests */,
			);
		};
/* End PBXProject section */

/* Begin PBXResourcesBuildPhase section */
		CD6E7C4D191634A9004A44D1 /* Resources */ = {
			isa = PBXResourcesBuildPhase;
			buildActionMask = 2147483647;
			files = (
				CD6E7C6B191634A9004A44D1 /* Images.xcassets in Resources */,
				CD6E7C5D191634A9004A44D1 /* InfoPlist.strings in Resources */,
				CD6E7C66191634A9004A44D1 /* Main.storyboard in Resources */,
			);
			runOnlyForDeploymentPostprocessing = 0;
		};
		CD6E7C6E191634A9004A44D1 /* Resources */ = {
			isa = PBXResourcesBuildPhase;
			buildActionMask = 2147483647;
			files = (
				CD6E7C7C191634A9004A44D1 /* InfoPlist.strings in Resources */,
			);
			runOnlyForDeploymentPostprocessing = 0;
		};
/* End PBXResourcesBuildPhase section */

/* Begin PBXSourcesBuildPhase section */
		CD6E7C4B191634A9004A44D1 /* Sources */ = {
			isa = PBXSourcesBuildPhase;
			buildActionMask = 2147483647;
			files = (
				CD6E7C69191634A9004A44D1 /* ViewController.m in Sources */,
				CD6E7C63191634A9004A44D1 /* AppDelegate.m in Sources */,
				CD6E7C5F191634A9004A44D1 /* main.m in Sources */,
			);
			runOnlyForDeploymentPostprocessing = 0;
		};
		CD6E7C6C191634A9004A44D1 /* Sources */ = {
			isa = PBXSourcesBuildPhase;
			buildActionMask = 2147483647;
			files = (
				CD6E7C7E191634A9004A44D1 /* PopDemoTests.m in Sources */,
			);
			runOnlyForDeploymentPostprocessing = 0;
		};
/* End PBXSourcesBuildPhase section */

/* Begin PBXTargetDependency section */
		CD6E7C76191634A9004A44D1 /* PBXTargetDependency */ = {
			isa = PBXTargetDependency;
			target = CD6E7C4E191634A9004A44D1 /* PopDemo */;
			targetProxy = CD6E7C75191634A9004A44D1 /* PBXContainerItemProxy */;
		};
/* End PBXTargetDependency section */

/* Begin PBXVariantGroup section */
		CD6E7C5B191634A9004A44D1 /* InfoPlist.strings */ = {
			isa = PBXVariantGroup;
			children = (
				CD6E7C5C191634A9004A44D1 /* en */,
			);
			name = InfoPlist.strings;
			sourceTree = "<group>";
		};
		CD6E7C64191634A9004A44D1 /* Main.storyboard */ = {
			isa = PBXVariantGroup;
			children = (
				CD6E7C65191634A9004A44D1 /* Base */,
			);
			name = Main.storyboard;
			sourceTree = "<group>";
		};
		CD6E7C7A191634A9004A44D1 /* InfoPlist.strings */ = {
			isa = PBXVariantGroup;
			children = (
				CD6E7C7B191634A9004A44D1 /* en */,
			);
			name = InfoPlist.strings;
			sourceTree = "<group>";
		};
/* End PBXVariantGroup section */

/* Begin XCBuildConfiguration section */
		CD6E7C7F191634A9004A44D1 /* Debug */ = {
			isa = XCBuildConfiguration;
			buildSettings = {
				ALWAYS_SEARCH_USER_PATHS = NO;
				CLANG_CXX_LANGUAGE_STANDARD = "gnu++0x";
				CLANG_CXX_LIBRARY = "libc++";
				CLANG_ENABLE_MODULES = YES;
				CLANG_ENABLE_OBJC_ARC = YES;
				CLANG_WARN_BOOL_CONVERSION = YES;
				CLANG_WARN_CONSTANT_CONVERSION = YES;
				CLANG_WARN_DIRECT_OBJC_ISA_USAGE = YES_ERROR;
				CLANG_WARN_EMPTY_BODY = YES;
				CLANG_WARN_ENUM_CONVERSION = YES;
				CLANG_WARN_INT_CONVERSION = YES;
				CLANG_WARN_OBJC_ROOT_CLASS = YES_ERROR;
				CLANG_WARN__DUPLICATE_METHOD_MATCH = YES;
				"CODE_SIGN_IDENTITY[sdk=iphoneos*]" = "iPhone Developer";
				COPY_PHASE_STRIP = NO;
				GCC_C_LANGUAGE_STANDARD = gnu99;
				GCC_DYNAMIC_NO_PIC = NO;
				GCC_OPTIMIZATION_LEVEL = 0;
				GCC_PREPROCESSOR_DEFINITIONS = (
					"DEBUG=1",
					"$(inherited)",
				);
				GCC_SYMBOLS_PRIVATE_EXTERN = NO;
				GCC_WARN_64_TO_32_BIT_CONVERSION = YES;
				GCC_WARN_ABOUT_RETURN_TYPE = YES_ERROR;
				GCC_WARN_UNDECLARED_SELECTOR = YES;
				GCC_WARN_UNINITIALIZED_AUTOS = YES_AGGRESSIVE;
				GCC_WARN_UNUSED_FUNCTION = YES;
				GCC_WARN_UNUSED_VARIABLE = YES;
				IPHONEOS_DEPLOYMENT_TARGET = 7.1;
				ONLY_ACTIVE_ARCH = YES;
				SDKROOT = iphoneos;
			};
			name = Debug;
		};
		CD6E7C80191634A9004A44D1 /* Release */ = {
			isa = XCBuildConfiguration;
			buildSettings = {
				ALWAYS_SEARCH_USER_PATHS = NO;
				CLANG_CXX_LANGUAGE_STANDARD = "gnu++0x";
				CLANG_CXX_LIBRARY = "libc++";
				CLANG_ENABLE_MODULES = YES;
				CLANG_ENABLE_OBJC_ARC = YES;
				CLANG_WARN_BOOL_CONVERSION = YES;
				CLANG_WARN_CONSTANT_CONVERSION = YES;
				CLANG_WARN_DIRECT_OBJC_ISA_USAGE = YES_ERROR;
				CLANG_WARN_EMPTY_BODY = YES;
				CLANG_WARN_ENUM_CONVERSION = YES;
				CLANG_WARN_INT_CONVERSION = YES;
				CLANG_WARN_OBJC_ROOT_CLASS = YES_ERROR;
				CLANG_WARN__DUPLICATE_METHOD_MATCH = YES;
				"CODE_SIGN_IDENTITY[sdk=iphoneos*]" = "iPhone Developer";
				COPY_PHASE_STRIP = YES;
				ENABLE_NS_ASSERTIONS = NO;
				GCC_C_LANGUAGE_STANDARD = gnu99;
				GCC_WARN_64_TO_32_BIT_CONVERSION = YES;
				GCC_WARN_ABOUT_RETURN_TYPE = YES_ERROR;
				GCC_WARN_UNDECLARED_SELECTOR = YES;
				GCC_WARN_UNINITIALIZED_AUTOS = YES_AGGRESSIVE;
				GCC_WARN_UNUSED_FUNCTION = YES;
				GCC_WARN_UNUSED_VARIABLE = YES;
				IPHONEOS_DEPLOYMENT_TARGET = 7.1;
				SDKROOT = iphoneos;
				VALIDATE_PRODUCT = YES;
			};
			name = Release;
		};
		CD6E7C82191634A9004A44D1 /* Debug */ = {
			isa = XCBuildConfiguration;
			buildSettings = {
				ASSETCATALOG_COMPILER_APPICON_NAME = AppIcon;
				ASSETCATALOG_COMPILER_LAUNCHIMAGE_NAME = LaunchImage;
				GCC_PRECOMPILE_PREFIX_HEADER = YES;
				GCC_PREFIX_HEADER = "PopDemo/PopDemo-Prefix.pch";
				INFOPLIST_FILE = "PopDemo/PopDemo-Info.plist";
				PRODUCT_NAME = "$(TARGET_NAME)";
				WRAPPER_EXTENSION = app;
			};
			name = Debug;
		};
		CD6E7C83191634A9004A44D1 /* Release */ = {
			isa = XCBuildConfiguration;
			buildSettings = {
				ASSETCATALOG_COMPILER_APPICON_NAME = AppIcon;
				ASSETCATALOG_COMPILER_LAUNCHIMAGE_NAME = LaunchImage;
				GCC_PRECOMPILE_PREFIX_HEADER = YES;
				GCC_PREFIX_HEADER = "PopDemo/PopDemo-Prefix.pch";
				INFOPLIST_FILE = "PopDemo/PopDemo-Info.plist";
				PRODUCT_NAME = "$(TARGET_NAME)";
				WRAPPER_EXTENSION = app;
			};
			name = Release;
		};
		CD6E7C85191634A9004A44D1 /* Debug */ = {
			isa = XCBuildConfiguration;
			buildSettings = {
				BUNDLE_LOADER = "$(BUILT_PRODUCTS_DIR)/PopDemo.app/PopDemo";
				FRAMEWORK_SEARCH_PATHS = (
					"$(SDKROOT)/Developer/Library/Frameworks",
					"$(inherited)",
					"$(DEVELOPER_FRAMEWORKS_DIR)",
				);
				GCC_PRECOMPILE_PREFIX_HEADER = YES;
				GCC_PREFIX_HEADER = "PopDemo/PopDemo-Prefix.pch";
				GCC_PREPROCESSOR_DEFINITIONS = (
					"DEBUG=1",
					"$(inherited)",
				);
				INFOPLIST_FILE = "PopDemoTests/PopDemoTests-Info.plist";
				PRODUCT_NAME = "$(TARGET_NAME)";
				TEST_HOST = "$(BUNDLE_LOADER)";
				WRAPPER_EXTENSION = xctest;
			};
			name = Debug;
		};
		CD6E7C86191634A9004A44D1 /* Release */ = {
			isa = XCBuildConfiguration;
			buildSettings = {
				BUNDLE_LOADER = "$(BUILT_PRODUCTS_DIR)/PopDemo.app/PopDemo";
				FRAMEWORK_SEARCH_PATHS = (
					"$(SDKROOT)/Developer/Library/Frameworks",
					"$(inherited)",
					"$(DEVELOPER_FRAMEWORKS_DIR)",
				);
				GCC_PRECOMPILE_PREFIX_HEADER = YES;
				GCC_PREFIX_HEADER = "PopDemo/PopDemo-Prefix.pch";
				INFOPLIST_FILE = "PopDemoTests/PopDemoTests-Info.plist";
				PRODUCT_NAME = "$(TARGET_NAME)";
				TEST_HOST = "$(BUNDLE_LOADER)";
				WRAPPER_EXTENSION = xctest;
			};
			name = Release;
		};
/* End XCBuildConfiguration section */

/* Begin XCConfigurationList section */
		CD6E7C4A191634A9004A44D1 /* Build configuration list for PBXProject "PopDemo" */ = {
			isa = XCConfigurationList;
			buildConfigurations = (
				CD6E7C7F191634A9004A44D1 /* Debug */,
				CD6E7C80191634A9004A44D1 /* Release */,
			);
			defaultConfigurationIsVisible = 0;
			defaultConfigurationName = Release;
		};
		CD6E7C81191634A9004A44D1 /* Build configuration list for PBXNativeTarget "PopDemo" */ = {
			isa = XCConfigurationList;
			buildConfigurations = (
				CD6E7C82191634A9004A44D1 /* Debug */,
				CD6E7C83191634A9004A44D1 /* Release */,
			);
			defaultConfigurationIsVisible = 0;
		};
		CD6E7C84191634A9004A44D1 /* Build configuration list for PBXNativeTarget "PopDemoTests" */ = {
			isa = XCConfigurationList;
			buildConfigurations = (
				CD6E7C85191634A9004A44D1 /* Debug */,
				CD6E7C86191634A9004A44D1 /* Release */,
			);
			defaultConfigurationIsVisible = 0;
		};
/* End XCConfigurationList section */
	};
	rootObject = CD6E7C47191634A9004A44D1 /* Project object */;
}
